{
  "name": "RevfoxLink",
  "lockfileVersion": 3,
  "requires": true,
  "packages": {
    "": {
      "dependencies": {
        "tdesign-miniprogram": "^1.1.15"
      }
    },
    "node_modules/dayjs": {
      "version": "1.11.8",
      "resolved": "https://registry.npmjs.org/dayjs/-/dayjs-1.11.8.tgz",
      "integrity": "sha512-LcgxzFoWMEPO7ggRv1Y2N31hUf2R0Vj7fuy/m+Bg1K8rr+KAs1AEy4y9jd5DXe8pbHgX+srkHNS7TH6Q6ZhYeQ=="
    },
    "node_modules/tdesign-miniprogram": {
      "version": "1.1.15",
      "resolved": "https://registry.npmjs.org/tdesign-miniprogram/-/tdesign-miniprogram-1.1.15.tgz",
      "integrity": "sha512-dFGA5fQnObN6bjer3CIcRhNOsjz9VwV2oBC+EEz2bFMYMQQZ0A754TWQzHr/UkW/q+qEMakfxGxlKTa19YSwzw==",
      "dependencies": {
        "dayjs": "^1.10.7"
      }
    }
  }
}
